
Microsoft Visual Studio Solution File, Format Version 12.00
# Visual Studio 15
VisualStudioVersion = 15.0.28010.2036
MinimumVisualStudioVersion = 10.0.40219.1
Project("{FAE04EC0-301F-11D3-BF4B-00C04F79EFBC}") = "WindowsFormsApp1", "WindowsFormsApp1\WindowsFormsApp1.csproj", "{7812733E-F3A3-4200-B692-0E9A26B75E16}"
EndProject
Global
	GlobalSection(SolutionConfigurationPlatforms) = preSolution
		Debug|Any CPU = Debug|Any CPU
		Release|Any CPU = Release|Any CPU
	EndGlobalSection
	GlobalSection(ProjectConfigurationPlatforms) = postSolution
		{7812733E-F3A3-4200-B692-0E9A26B75E16}.Debug|Any CPU.ActiveCfg = Debug|Any CPU
		{7812733E-F3A3-4200-B692-0E9A26B75E16}.Debug|Any CPU.Build.0 = Debug|Any CPU
		{7812733E-F3A3-4200-B692-0E9A26B75E16}.Release|Any CPU.ActiveCfg = Release|Any CPU
		{7812733E-F3A3-4200-B692-0E9A26B75E16}.Release|Any CPU.Build.0 = Release|Any CPU
	EndGlobalSection
	GlobalSection(SolutionProperties) = preSolution
		HideSolutionNode = FALSE
	EndGlobalSection
	GlobalSection(ExtensibilityGlobals) = postSolution
		SolutionGuid = {F28774AF-5DFB-4F04-BC89-1FA595A71769}
	EndGlobalSection
EndGlobal
